
Microsoft Visual Studio Solution File, Format Version 12.00
# Visual Studio 15
VisualStudioVersion = 15.0.28010.2016
MinimumVisualStudioVersion = 10.0.40219.1
Project("{FAE04EC0-301F-11D3-BF4B-00C04F79EFBC}") = "Exercises", "Exercises\Exercises.csproj", "{29A5E8F5-4477-4941-8A38-AE1F157BD0D2}"
EndProject
Project("{FAE04EC0-301F-11D3-BF4B-00C04F79EFBC}") = "Exercises.Tests", "Exercises.Tests\Exercises.Tests.csproj", "{6BAC8AAC-3AB2-49E7-AD76-24E14C7877B5}"
EndProject
Global
	GlobalSection(SolutionConfigurationPlatforms) = preSolution
		Debug|Any CPU = Debug|Any CPU
		Release|Any CPU = Release|Any CPU
	EndGlobalSection
	GlobalSection(ProjectConfigurationPlatforms) = postSolution
		{29A5E8F5-4477-4941-8A38-AE1F157BD0D2}.Debug|Any CPU.ActiveCfg = Debug|Any CPU
		{29A5E8F5-4477-4941-8A38-AE1F157BD0D2}.Debug|Any CPU.Build.0 = Debug|Any CPU
		{29A5E8F5-4477-4941-8A38-AE1F157BD0D2}.Release|Any CPU.ActiveCfg = Release|Any CPU
		{29A5E8F5-4477-4941-8A38-AE1F157BD0D2}.Release|Any CPU.Build.0 = Release|Any CPU
		{6BAC8AAC-3AB2-49E7-AD76-24E14C7877B5}.Debug|Any CPU.ActiveCfg = Debug|Any CPU
		{6BAC8AAC-3AB2-49E7-AD76-24E14C7877B5}.Debug|Any CPU.Build.0 = Debug|Any CPU
		{6BAC8AAC-3AB2-49E7-AD76-24E14C7877B5}.Release|Any CPU.ActiveCfg = Release|Any CPU
		{6BAC8AAC-3AB2-49E7-AD76-24E14C7877B5}.Release|Any CPU.Build.0 = Release|Any CPU
	EndGlobalSection
	GlobalSection(SolutionProperties) = preSolution
		HideSolutionNode = FALSE
	EndGlobalSection
	GlobalSection(ExtensibilityGlobals) = postSolution
		SolutionGuid = {20BCEF8D-7054-42D3-8776-3AAF94D0B9F1}
	EndGlobalSection
EndGlobal
