
Microsoft Visual Studio Solution File, Format Version 12.00
# Visual Studio 15
VisualStudioVersion = 15.0.28010.2016
MinimumVisualStudioVersion = 10.0.40219.1
Project("{FAE04EC0-301F-11D3-BF4B-00C04F79EFBC}") = "Lecture", "Lecture\Lecture.csproj", "{10A56BDF-7295-441D-AD52-6A63F5C06E6C}"
EndProject
Project("{FAE04EC0-301F-11D3-BF4B-00C04F79EFBC}") = "PaintCalculator", "PaintCalculator\PaintCalculator.csproj", "{4F5F6144-5DE2-4D99-B812-31628EE24782}"
EndProject
Global
	GlobalSection(SolutionConfigurationPlatforms) = preSolution
		Debug|Any CPU = Debug|Any CPU
		Release|Any CPU = Release|Any CPU
	EndGlobalSection
	GlobalSection(ProjectConfigurationPlatforms) = postSolution
		{10A56BDF-7295-441D-AD52-6A63F5C06E6C}.Debug|Any CPU.ActiveCfg = Debug|Any CPU
		{10A56BDF-7295-441D-AD52-6A63F5C06E6C}.Debug|Any CPU.Build.0 = Debug|Any CPU
		{10A56BDF-7295-441D-AD52-6A63F5C06E6C}.Release|Any CPU.ActiveCfg = Release|Any CPU
		{10A56BDF-7295-441D-AD52-6A63F5C06E6C}.Release|Any CPU.Build.0 = Release|Any CPU
		{4F5F6144-5DE2-4D99-B812-31628EE24782}.Debug|Any CPU.ActiveCfg = Debug|Any CPU
		{4F5F6144-5DE2-4D99-B812-31628EE24782}.Debug|Any CPU.Build.0 = Debug|Any CPU
		{4F5F6144-5DE2-4D99-B812-31628EE24782}.Release|Any CPU.ActiveCfg = Release|Any CPU
		{4F5F6144-5DE2-4D99-B812-31628EE24782}.Release|Any CPU.Build.0 = Release|Any CPU
	EndGlobalSection
	GlobalSection(SolutionProperties) = preSolution
		HideSolutionNode = FALSE
	EndGlobalSection
	GlobalSection(ExtensibilityGlobals) = postSolution
		SolutionGuid = {E2DAFB22-FE4E-4B03-8697-0116B4ADD2C6}
	EndGlobalSection
EndGlobal
